
Microsoft Visual Studio Solution File, Format Version 12.00
# Visual Studio 15
VisualStudioVersion = 15.0.28307.902
MinimumVisualStudioVersion = 10.0.40219.1
Project("{FAE04EC0-301F-11D3-BF4B-00C04F79EFBC}") = "EFText", "EFText\EFText.csproj", "{F0DE8A78-2A96-41D2-9878-6C036AF39D93}"
EndProject
Project("{FAE04EC0-301F-11D3-BF4B-00C04F79EFBC}") = "EFModelLibrary", "EFModelLibrary\EFModelLibrary.csproj", "{AC6B1FB3-DF09-4538-A17B-55A57C7E62FF}"
EndProject
Project("{FAE04EC0-301F-11D3-BF4B-00C04F79EFBC}") = "EFWebApp", "EFWebApp\EFWebApp.csproj", "{4AA950CE-DE44-4CC9-A1FD-3DA6187B61EC}"
EndProject
Global
	GlobalSection(SolutionConfigurationPlatforms) = preSolution
		Debug|Any CPU = Debug|Any CPU
		Release|Any CPU = Release|Any CPU
	EndGlobalSection
	GlobalSection(ProjectConfigurationPlatforms) = postSolution
		{F0DE8A78-2A96-41D2-9878-6C036AF39D93}.Debug|Any CPU.ActiveCfg = Debug|Any CPU
		{F0DE8A78-2A96-41D2-9878-6C036AF39D93}.Debug|Any CPU.Build.0 = Debug|Any CPU
		{F0DE8A78-2A96-41D2-9878-6C036AF39D93}.Release|Any CPU.ActiveCfg = Release|Any CPU
		{F0DE8A78-2A96-41D2-9878-6C036AF39D93}.Release|Any CPU.Build.0 = Release|Any CPU
		{AC6B1FB3-DF09-4538-A17B-55A57C7E62FF}.Debug|Any CPU.ActiveCfg = Debug|Any CPU
		{AC6B1FB3-DF09-4538-A17B-55A57C7E62FF}.Debug|Any CPU.Build.0 = Debug|Any CPU
		{AC6B1FB3-DF09-4538-A17B-55A57C7E62FF}.Release|Any CPU.ActiveCfg = Release|Any CPU
		{AC6B1FB3-DF09-4538-A17B-55A57C7E62FF}.Release|Any CPU.Build.0 = Release|Any CPU
		{4AA950CE-DE44-4CC9-A1FD-3DA6187B61EC}.Debug|Any CPU.ActiveCfg = Debug|Any CPU
		{4AA950CE-DE44-4CC9-A1FD-3DA6187B61EC}.Debug|Any CPU.Build.0 = Debug|Any CPU
		{4AA950CE-DE44-4CC9-A1FD-3DA6187B61EC}.Release|Any CPU.ActiveCfg = Release|Any CPU
		{4AA950CE-DE44-4CC9-A1FD-3DA6187B61EC}.Release|Any CPU.Build.0 = Release|Any CPU
	EndGlobalSection
	GlobalSection(SolutionProperties) = preSolution
		HideSolutionNode = FALSE
	EndGlobalSection
	GlobalSection(ExtensibilityGlobals) = postSolution
		SolutionGuid = {20D0B391-E971-4F2B-9241-DE9DB5E1C52D}
	EndGlobalSection
EndGlobal
